// !$*UTF8*$!
{
	archiveVersion = 1;
	classes = {
	};
	objectVersion = 50;
	objects = {

/* Begin PBXBuildFile section */
		BB9CFBA9260C1AA400B616B1 /* AppDelegate.swift in Sources */ = {isa = PBXBuildFile; fileRef = BB9CFBA8260C1AA400B616B1 /* AppDelegate.swift */; };
		BB9CFBAB260C1AA400B616B1 /* SceneDelegate.swift in Sources */ = {isa = PBXBuildFile; fileRef = BB9CFBAA260C1AA400B616B1 /* SceneDelegate.swift */; };
		BB9CFBAD260C1AA400B616B1 /* ViewController.swift in Sources */ = {isa = PBXBuildFile; fileRef = BB9CFBAC260C1AA400B616B1 /* ViewController.swift */; };
		BB9CFBB0260C1AA400B616B1 /* Main.storyboard in Resources */ = {isa = PBXBuildFile; fileRef = BB9CFBAE260C1AA400B616B1 /* Main.storyboard */; };
		BB9CFBB2260C1AA400B616B1 /* Assets.xcassets in Resources */ = {isa = PBXBuildFile; fileRef = BB9CFBB1260C1AA400B616B1 /* Assets.xcassets */; };
		BB9CFBB5260C1AA400B616B1 /* LaunchScreen.storyboard in Resources */ = {isa = PBXBuildFile; fileRef = BB9CFBB3260C1AA400B616B1 /* LaunchScreen.storyboard */; };
		BB9CFBBE260C1B8400B616B1 /* customInputBox.swift in Sources */ = {isa = PBXBuildFile; fileRef = BB9CFBBD260C1B8400B616B1 /* customInputBox.swift */; };
		BB9CFBC1260C1C0D00B616B1 /* customInputBox.xib in Resources */ = {isa = PBXBuildFile; fileRef = BB9CFBC0260C1C0D00B616B1 /* customInputBox.xib */; };
/* End PBXBuildFile section */

/* Begin PBXFileReference section */
		BB9CFBA5260C1AA400B616B1 /* customView2.app */ = {isa = PBXFileReference; explicitFileType = wrapper.application; includeInIndex = 0; path = customView2.app; sourceTree = BUILT_PRODUCTS_DIR; };
		BB9CFBA8260C1AA400B616B1 /* AppDelegate.swift */ = {isa = PBXFileReference; lastKnownFileType = sourcecode.swift; path = AppDelegate.swift; sourceTree = "<group>"; };
		BB9CFBAA260C1AA400B616B1 /* SceneDelegate.swift */ = {isa = PBXFileReference; lastKnownFileType = sourcecode.swift; path = SceneDelegate.swift; sourceTree = "<group>"; };
		BB9CFBAC260C1AA400B616B1 /* ViewController.swift */ = {isa = PBXFileReference; lastKnownFileType = sourcecode.swift; path = ViewController.swift; sourceTree = "<group>"; };
		BB9CFBAF260C1AA400B616B1 /* Base */ = {isa = PBXFileReference; lastKnownFileType = file.storyboard; name = Base; path = Base.lproj/Main.storyboard; sourceTree = "<group>"; };
		BB9CFBB1260C1AA400B616B1 /* Assets.xcassets */ = {isa = PBXFileReference; lastKnownFileType = folder.assetcatalog; path = Assets.xcassets; sourceTree = "<group>"; };
		BB9CFBB4260C1AA400B616B1 /* Base */ = {isa = PBXFileReference; lastKnownFileType = file.storyboard; name = Base; path = Base.lproj/LaunchScreen.storyboard; sourceTree = "<group>"; };
		BB9CFBB6260C1AA400B616B1 /* Info.plist */ = {isa = PBXFileReference; lastKnownFileType = text.plist.xml; path = Info.plist; sourceTree = "<group>"; };
		BB9CFBBD260C1B8400B616B1 /* customInputBox.swift */ = {isa = PBXFileReference; lastKnownFileType = sourcecode.swift; path = customInputBox.swift; sourceTree = "<group>"; };
		BB9CFBC0260C1C0D00B616B1 /* customInputBox.xib */ = {isa = PBXFileReference; lastKnownFileType = file.xib; path = customInputBox.xib; sourceTree = "<group>"; };
/* End PBXFileReference section */

/* Begin PBXFrameworksBuildPhase section */
		BB9CFBA2260C1AA400B616B1 /* Frameworks */ = {
			isa = PBXFrameworksBuildPhase;
			buildActionMask = 2147483647;
			files = (
			);
			runOnlyForDeploymentPostprocessing = 0;
		};
/* End PBXFrameworksBuildPhase section */

/* Begin PBXGroup section */
		BB9CFB9C260C1AA400B616B1 = {
			isa = PBXGroup;
			children = (
				BB9CFBA7260C1AA400B616B1 /* customView2 */,
				BB9CFBA6260C1AA400B616B1 /* Products */,
			);
			sourceTree = "<group>";
		};
		BB9CFBA6260C1AA400B616B1 /* Products */ = {
			isa = PBXGroup;
			children = (
				BB9CFBA5260C1AA400B616B1 /* customView2.app */,
			);
			name = Products;
			sourceTree = "<group>";
		};
		BB9CFBA7260C1AA400B616B1 /* customView2 */ = {
			isa = PBXGroup;
			children = (
				BB9CFBA8260C1AA400B616B1 /* AppDelegate.swift */,
				BB9CFBAA260C1AA400B616B1 /* SceneDelegate.swift */,
				BB9CFBAC260C1AA400B616B1 /* ViewController.swift */,
				BB9CFBAE260C1AA400B616B1 /* Main.storyboard */,
				BB9CFBBD260C1B8400B616B1 /* customInputBox.swift */,
				BB9CFBC0260C1C0D00B616B1 /* customInputBox.xib */,
				BB9CFBB1260C1AA400B616B1 /* Assets.xcassets */,
				BB9CFBB3260C1AA400B616B1 /* LaunchScreen.storyboard */,
				BB9CFBB6260C1AA400B616B1 /* Info.plist */,
			);
			path = customView2;
			sourceTree = "<group>";
		};
/* End PBXGroup section */

/* Begin PBXNativeTarget section */
		BB9CFBA4260C1AA400B616B1 /* customView2 */ = {
			isa = PBXNativeTarget;
			buildConfigurationList = BB9CFBB9260C1AA400B616B1 /* Build configuration list for PBXNativeTarget "customView2" */;
			buildPhases = (
				BB9CFBA1260C1AA400B616B1 /* Sources */,
				BB9CFBA2260C1AA400B616B1 /* Frameworks */,
				BB9CFBA3260C1AA400B616B1 /* Resources */,
			);
			buildRules = (
			);
			dependencies = (
			);
			name = customView2;
			productName = customView2;
			productReference = BB9CFBA5260C1AA400B616B1 /* customView2.app */;
			productType = "com.apple.product-type.application";
		};
/* End PBXNativeTarget section */

/* Begin PBXProject section */
		BB9CFB9D260C1AA400B616B1 /* Project object */ = {
			isa = PBXProject;
			attributes = {
				LastSwiftUpdateCheck = 1240;
				LastUpgradeCheck = 1240;
				TargetAttributes = {
					BB9CFBA4260C1AA400B616B1 = {
						CreatedOnToolsVersion = 12.4;
					};
				};
			};
			buildConfigurationList = BB9CFBA0260C1AA400B616B1 /* Build configuration list for PBXProject "customView2" */;
			compatibilityVersion = "Xcode 9.3";
			developmentRegion = en;
			hasScannedForEncodings = 0;
			knownRegions = (
				en,
				Base,
			);
			mainGroup = BB9CFB9C260C1AA400B616B1;
			productRefGroup = BB9CFBA6260C1AA400B616B1 /* Products */;
			projectDirPath = "";
			projectRoot = "";
			targets = (
				BB9CFBA4260C1AA400B616B1 /* customView2 */,
			);
		};
/* End PBXProject section */

/* Begin PBXResourcesBuildPhase section */
		BB9CFBA3260C1AA400B616B1 /* Resources */ = {
			isa = PBXResourcesBuildPhase;
			buildActionMask = 2147483647;
			files = (
				BB9CFBB5260C1AA400B616B1 /* LaunchScreen.storyboard in Resources */,
				BB9CFBB2260C1AA400B616B1 /* Assets.xcassets in Resources */,
				BB9CFBB0260C1AA400B616B1 /* Main.storyboard in Resources */,
				BB9CFBC1260C1C0D00B616B1 /* customInputBox.xib in Resources */,
			);
			runOnlyForDeploymentPostprocessing = 0;
		};
/* End PBXResourcesBuildPhase section */

/* Begin PBXSourcesBuildPhase section */
		BB9CFBA1260C1AA400B616B1 /* Sources */ = {
			isa = PBXSourcesBuildPhase;
			buildActionMask = 2147483647;
			files = (
				BB9CFBAD260C1AA400B616B1 /* ViewController.swift in Sources */,
				BB9CFBA9260C1AA400B616B1 /* AppDelegate.swift in Sources */,
				BB9CFBAB260C1AA400B616B1 /* SceneDelegate.swift in Sources */,
				BB9CFBBE260C1B8400B616B1 /* customInputBox.swift in Sources */,
			);
			runOnlyForDeploymentPostprocessing = 0;
		};
/* End PBXSourcesBuildPhase section */

/* Begin PBXVariantGroup section */
		BB9CFBAE260C1AA400B616B1 /* Main.storyboard */ = {
			isa = PBXVariantGroup;
			children = (
				BB9CFBAF260C1AA400B616B1 /* Base */,
			);
			name = Main.storyboard;
			sourceTree = "<group>";
		};
		BB9CFBB3260C1AA400B616B1 /* LaunchScreen.storyboard */ = {
			isa = PBXVariantGroup;
			children = (
				BB9CFBB4260C1AA400B616B1 /* Base */,
			);
			name = LaunchScreen.storyboard;
			sourceTree = "<group>";
		};
/* End PBXVariantGroup section */

/* Begin XCBuildConfiguration section */
		BB9CFBB7260C1AA400B616B1 /* Debug */ = {
			isa = XCBuildConfiguration;
			buildSettings = {
				ALWAYS_SEARCH_USER_PATHS = NO;
				CLANG_ANALYZER_NONNULL = YES;
				CLANG_ANALYZER_NUMBER_OBJECT_CONVERSION = YES_AGGRESSIVE;
				CLANG_CXX_LANGUAGE_STANDARD = "gnu++14";
				CLANG_CXX_LIBRARY = "libc++";
				CLANG_ENABLE_MODULES = YES;
				CLANG_ENABLE_OBJC_ARC = YES;
				CLANG_ENABLE_OBJC_WEAK = YES;
				CLANG_WARN_BLOCK_CAPTURE_AUTORELEASING = YES;
				CLANG_WARN_BOOL_CONVERSION = YES;
				CLANG_WARN_COMMA = YES;
				CLANG_WARN_CONSTANT_CONVERSION = YES;
				CLANG_WARN_DEPRECATED_OBJC_IMPLEMENTATIONS = YES;
				CLANG_WARN_DIRECT_OBJC_ISA_USAGE = YES_ERROR;
				CLANG_WARN_DOCUMENTATION_COMMENTS = YES;
				CLANG_WARN_EMPTY_BODY = YES;
				CLANG_WARN_ENUM_CONVERSION = YES;
				CLANG_WARN_INFINITE_RECURSION = YES;
				CLANG_WARN_INT_CONVERSION = YES;
				CLANG_WARN_NON_LITERAL_NULL_CONVERSION = YES;
				CLANG_WARN_OBJC_IMPLICIT_RETAIN_SELF = YES;
				CLANG_WARN_OBJC_LITERAL_CONVERSION = YES;
				CLANG_WARN_OBJC_ROOT_CLASS = YES_ERROR;
				CLANG_WARN_QUOTED_INCLUDE_IN_FRAMEWORK_HEADER = YES;
				CLANG_WARN_RANGE_LOOP_ANALYSIS = YES;
				CLANG_WARN_STRICT_PROTOTYPES = YES;
				CLANG_WARN_SUSPICIOUS_MOVE = YES;
				CLANG_WARN_UNGUARDED_AVAILABILITY = YES_AGGRESSIVE;
				CLANG_WARN_UNREACHABLE_CODE = YES;
				CLANG_WARN__DUPLICATE_METHOD_MATCH = YES;
				COPY_PHASE_STRIP = NO;
				DEBUG_INFORMATION_FORMAT = dwarf;
				ENABLE_STRICT_OBJC_MSGSEND = YES;
				ENABLE_TESTABILITY = YES;
				GCC_C_LANGUAGE_STANDARD = gnu11;
				GCC_DYNAMIC_NO_PIC = NO;
				GCC_NO_COMMON_BLOCKS = YES;
				GCC_OPTIMIZATION_LEVEL = 0;
				GCC_PREPROCESSOR_DEFINITIONS = (
					"DEBUG=1",
					"$(inherited)",
				);
				GCC_WARN_64_TO_32_BIT_CONVERSION = YES;
				GCC_WARN_ABOUT_RETURN_TYPE = YES_ERROR;
				GCC_WARN_UNDECLARED_SELECTOR = YES;
				GCC_WARN_UNINITIALIZED_AUTOS = YES_AGGRESSIVE;
				GCC_WARN_UNUSED_FUNCTION = YES;
				GCC_WARN_UNUSED_VARIABLE = YES;
				IPHONEOS_DEPLOYMENT_TARGET = 14.4;
				MTL_ENABLE_DEBUG_INFO = INCLUDE_SOURCE;
				MTL_FAST_MATH = YES;
				ONLY_ACTIVE_ARCH = YES;
				SDKROOT = iphoneos;
				SWIFT_ACTIVE_COMPILATION_CONDITIONS = DEBUG;
				SWIFT_OPTIMIZATION_LEVEL = "-Onone";
			};
			name = Debug;
		};
		BB9CFBB8260C1AA400B616B1 /* Release */ = {
			isa = XCBuildConfiguration;
			buildSettings = {
				ALWAYS_SEARCH_USER_PATHS = NO;
				CLANG_ANALYZER_NONNULL = YES;
				CLANG_ANALYZER_NUMBER_OBJECT_CONVERSION = YES_AGGRESSIVE;
				CLANG_CXX_LANGUAGE_STANDARD = "gnu++14";
				CLANG_CXX_LIBRARY = "libc++";
				CLANG_ENABLE_MODULES = YES;
				CLANG_ENABLE_OBJC_ARC = YES;
				CLANG_ENABLE_OBJC_WEAK = YES;
				CLANG_WARN_BLOCK_CAPTURE_AUTORELEASING = YES;
				CLANG_WARN_BOOL_CONVERSION = YES;
				CLANG_WARN_COMMA = YES;
				CLANG_WARN_CONSTANT_CONVERSION = YES;
				CLANG_WARN_DEPRECATED_OBJC_IMPLEMENTATIONS = YES;
				CLANG_WARN_DIRECT_OBJC_ISA_USAGE = YES_ERROR;
				CLANG_WARN_DOCUMENTATION_COMMENTS = YES;
				CLANG_WARN_EMPTY_BODY = YES;
				CLANG_WARN_ENUM_CONVERSION = YES;
				CLANG_WARN_INFINITE_RECURSION = YES;
				CLANG_WARN_INT_CONVERSION = YES;
				CLANG_WARN_NON_LITERAL_NULL_CONVERSION = YES;
				CLANG_WARN_OBJC_IMPLICIT_RETAIN_SELF = YES;
				CLANG_WARN_OBJC_LITERAL_CONVERSION = YES;
				CLANG_WARN_OBJC_ROOT_CLASS = YES_ERROR;
				CLANG_WARN_QUOTED_INCLUDE_IN_FRAMEWORK_HEADER = YES;
				CLANG_WARN_RANGE_LOOP_ANALYSIS = YES;
				CLANG_WARN_STRICT_PROTOTYPES = YES;
				CLANG_WARN_SUSPICIOUS_MOVE = YES;
				CLANG_WARN_UNGUARDED_AVAILABILITY = YES_AGGRESSIVE;
				CLANG_WARN_UNREACHABLE_CODE = YES;
				CLANG_WARN__DUPLICATE_METHOD_MATCH = YES;
				COPY_PHASE_STRIP = NO;
				DEBUG_INFORMATION_FORMAT = "dwarf-with-dsym";
				ENABLE_NS_ASSERTIONS = NO;
				ENABLE_STRICT_OBJC_MSGSEND = YES;
				GCC_C_LANGUAGE_STANDARD = gnu11;
				GCC_NO_COMMON_BLOCKS = YES;
				GCC_WARN_64_TO_32_BIT_CONVERSION = YES;
				GCC_WARN_ABOUT_RETURN_TYPE = YES_ERROR;
				GCC_WARN_UNDECLARED_SELECTOR = YES;
				GCC_WARN_UNINITIALIZED_AUTOS = YES_AGGRESSIVE;
				GCC_WARN_UNUSED_FUNCTION = YES;
				GCC_WARN_UNUSED_VARIABLE = YES;
				IPHONEOS_DEPLOYMENT_TARGET = 14.4;
				MTL_ENABLE_DEBUG_INFO = NO;
				MTL_FAST_MATH = YES;
				SDKROOT = iphoneos;
				SWIFT_COMPILATION_MODE = wholemodule;
				SWIFT_OPTIMIZATION_LEVEL = "-O";
				VALIDATE_PRODUCT = YES;
			};
			name = Release;
		};
		BB9CFBBA260C1AA400B616B1 /* Debug */ = {
			isa = XCBuildConfiguration;
			buildSettings = {
				ASSETCATALOG_COMPILER_APPICON_NAME = AppIcon;
				ASSETCATALOG_COMPILER_GLOBAL_ACCENT_COLOR_NAME = AccentColor;
				CODE_SIGN_STYLE = Automatic;
				DEVELOPMENT_TEAM = 53UJY6K98A;
				INFOPLIST_FILE = customView2/Info.plist;
				LD_RUNPATH_SEARCH_PATHS = (
					"$(inherited)",
					"@executable_path/Frameworks",
				);
				PRODUCT_BUNDLE_IDENTIFIER = me.customView2;
				PRODUCT_NAME = "$(TARGET_NAME)";
				SWIFT_VERSION = 5.0;
				TARGETED_DEVICE_FAMILY = "1,2";
			};
			name = Debug;
		};
		BB9CFBBB260C1AA400B616B1 /* Release */ = {
			isa = XCBuildConfiguration;
			buildSettings = {
				ASSETCATALOG_COMPILER_APPICON_NAME = AppIcon;
				ASSETCATALOG_COMPILER_GLOBAL_ACCENT_COLOR_NAME = AccentColor;
				CODE_SIGN_STYLE = Automatic;
				DEVELOPMENT_TEAM = 53UJY6K98A;
				INFOPLIST_FILE = customView2/Info.plist;
				LD_RUNPATH_SEARCH_PATHS = (
					"$(inherited)",
					"@executable_path/Frameworks",
				);
				PRODUCT_BUNDLE_IDENTIFIER = me.customView2;
				PRODUCT_NAME = "$(TARGET_NAME)";
				SWIFT_VERSION = 5.0;
				TARGETED_DEVICE_FAMILY = "1,2";
			};
			name = Release;
		};
/* End XCBuildConfiguration section */

/* Begin XCConfigurationList section */
		BB9CFBA0260C1AA400B616B1 /* Build configuration list for PBXProject "customView2" */ = {
			isa = XCConfigurationList;
			buildConfigurations = (
				BB9CFBB7260C1AA400B616B1 /* Debug */,
				BB9CFBB8260C1AA400B616B1 /* Release */,
			);
			defaultConfigurationIsVisible = 0;
			defaultConfigurationName = Release;
		};
		BB9CFBB9260C1AA400B616B1 /* Build configuration list for PBXNativeTarget "customView2" */ = {
			isa = XCConfigurationList;
			buildConfigurations = (
				BB9CFBBA260C1AA400B616B1 /* Debug */,
				BB9CFBBB260C1AA400B616B1 /* Release */,
			);
			defaultConfigurationIsVisible = 0;
			defaultConfigurationName = Release;
		};
/* End XCConfigurationList section */
	};
	rootObject = BB9CFB9D260C1AA400B616B1 /* Project object */;
}
